
Microsoft Visual Studio Solution File, Format Version 12.00
# Visual Studio Version 17
VisualStudioVersion = 17.14.36518.9
MinimumVisualStudioVersion = 10.0.40219.1
Project("{FAE04EC0-301F-11D3-BF4B-00C04F79EFBC}") = "IdentityService", "IdentityService\IdentityService.csproj", "{F538766B-964F-46B2-AADC-14408229DB8C}"
EndProject
Project("{FAE04EC0-301F-11D3-BF4B-00C04F79EFBC}") = "ProviderService", "ProviderService\ProviderService.csproj", "{2C130724-1EA0-4ACE-8DFC-55789B158D7D}"
EndProject
Project("{FAE04EC0-301F-11D3-BF4B-00C04F79EFBC}") = "PatientCareService", "PatientCareService\PatientCareService.csproj", "{2ABEAA0E-0CFF-472B-9FD3-7DCD87C5663D}"
EndProject
Project("{FAE04EC0-301F-11D3-BF4B-00C04F79EFBC}") = "ClinicalService", "ClinicalService\ClinicalService.csproj", "{C1A1BE59-BE1F-472C-A5F8-549250749ADF}"
EndProject
Project("{FAE04EC0-301F-11D3-BF4B-00C04F79EFBC}") = "DiagnosticsService", "DiagnosticsService\DiagnosticsService.csproj", "{C405F2DE-B0E7-4F0B-BEF5-F82D0AF037B9}"
EndProject
Project("{FAE04EC0-301F-11D3-BF4B-00C04F79EFBC}") = "CommerceService", "CommerceService\CommerceService.csproj", "{E5158BFD-B876-48B5-B7F5-06BE9521F97C}"
EndProject
Project("{FAE04EC0-301F-11D3-BF4B-00C04F79EFBC}") = "FinancialService", "FinancialService\FinancialService.csproj", "{50795F6D-6362-423B-9BD4-D95CEBCB8504}"
EndProject
Project("{FAE04EC0-301F-11D3-BF4B-00C04F79EFBC}") = "FulfillmentService", "FulfillmentService\FulfillmentService.csproj", "{DC9231E3-7510-43F0-8CCA-94CB8EA2294D}"
EndProject
Project("{FAE04EC0-301F-11D3-BF4B-00C04F79EFBC}") = "EmergencyService", "EmergencyService\EmergencyService.csproj", "{3E9E82E7-0601-4F18-8776-530EF895426B}"
EndProject
Project("{FAE04EC0-301F-11D3-BF4B-00C04F79EFBC}") = "EngagementService", "EngagementService\EngagementService.csproj", "{F5176ECC-FB36-4DE4-B51B-358CF298D744}"
EndProject
Global
	GlobalSection(SolutionConfigurationPlatforms) = preSolution
		Debug|Any CPU = Debug|Any CPU
		Release|Any CPU = Release|Any CPU
	EndGlobalSection
	GlobalSection(ProjectConfigurationPlatforms) = postSolution
		{F538766B-964F-46B2-AADC-14408229DB8C}.Debug|Any CPU.ActiveCfg = Debug|Any CPU
		{F538766B-964F-46B2-AADC-14408229DB8C}.Debug|Any CPU.Build.0 = Debug|Any CPU
		{F538766B-964F-46B2-AADC-14408229DB8C}.Release|Any CPU.ActiveCfg = Release|Any CPU
		{F538766B-964F-46B2-AADC-14408229DB8C}.Release|Any CPU.Build.0 = Release|Any CPU
		{2C130724-1EA0-4ACE-8DFC-55789B158D7D}.Debug|Any CPU.ActiveCfg = Debug|Any CPU
		{2C130724-1EA0-4ACE-8DFC-55789B158D7D}.Debug|Any CPU.Build.0 = Debug|Any CPU
		{2C130724-1EA0-4ACE-8DFC-55789B158D7D}.Release|Any CPU.ActiveCfg = Release|Any CPU
		{2C130724-1EA0-4ACE-8DFC-55789B158D7D}.Release|Any CPU.Build.0 = Release|Any CPU
		{2ABEAA0E-0CFF-472B-9FD3-7DCD87C5663D}.Debug|Any CPU.ActiveCfg = Debug|Any CPU
		{2ABEAA0E-0CFF-472B-9FD3-7DCD87C5663D}.Debug|Any CPU.Build.0 = Debug|Any CPU
		{2ABEAA0E-0CFF-472B-9FD3-7DCD87C5663D}.Release|Any CPU.ActiveCfg = Release|Any CPU
		{2ABEAA0E-0CFF-472B-9FD3-7DCD87C5663D}.Release|Any CPU.Build.0 = Release|Any CPU
		{C1A1BE59-BE1F-472C-A5F8-549250749ADF}.Debug|Any CPU.ActiveCfg = Debug|Any CPU
		{C1A1BE59-BE1F-472C-A5F8-549250749ADF}.Debug|Any CPU.Build.0 = Debug|Any CPU
		{C1A1BE59-BE1F-472C-A5F8-549250749ADF}.Release|Any CPU.ActiveCfg = Release|Any CPU
		{C1A1BE59-BE1F-472C-A5F8-549250749ADF}.Release|Any CPU.Build.0 = Release|Any CPU
		{C405F2DE-B0E7-4F0B-BEF5-F82D0AF037B9}.Debug|Any CPU.ActiveCfg = Debug|Any CPU
		{C405F2DE-B0E7-4F0B-BEF5-F82D0AF037B9}.Debug|Any CPU.Build.0 = Debug|Any CPU
		{C405F2DE-B0E7-4F0B-BEF5-F82D0AF037B9}.Release|Any CPU.ActiveCfg = Release|Any CPU
		{C405F2DE-B0E7-4F0B-BEF5-F82D0AF037B9}.Release|Any CPU.Build.0 = Release|Any CPU
		{E5158BFD-B876-48B5-B7F5-06BE9521F97C}.Debug|Any CPU.ActiveCfg = Debug|Any CPU
		{E5158BFD-B876-48B5-B7F5-06BE9521F97C}.Debug|Any CPU.Build.0 = Debug|Any CPU
		{E5158BFD-B876-48B5-B7F5-06BE9521F97C}.Release|Any CPU.ActiveCfg = Release|Any CPU
		{E5158BFD-B876-48B5-B7F5-06BE9521F97C}.Release|Any CPU.Build.0 = Release|Any CPU
		{50795F6D-6362-423B-9BD4-D95CEBCB8504}.Debug|Any CPU.ActiveCfg = Debug|Any CPU
		{50795F6D-6362-423B-9BD4-D95CEBCB8504}.Debug|Any CPU.Build.0 = Debug|Any CPU
		{50795F6D-6362-423B-9BD4-D95CEBCB8504}.Release|Any CPU.ActiveCfg = Release|Any CPU
		{50795F6D-6362-423B-9BD4-D95CEBCB8504}.Release|Any CPU.Build.0 = Release|Any CPU
		{DC9231E3-7510-43F0-8CCA-94CB8EA2294D}.Debug|Any CPU.ActiveCfg = Debug|Any CPU
		{DC9231E3-7510-43F0-8CCA-94CB8EA2294D}.Debug|Any CPU.Build.0 = Debug|Any CPU
		{DC9231E3-7510-43F0-8CCA-94CB8EA2294D}.Release|Any CPU.ActiveCfg = Release|Any CPU
		{DC9231E3-7510-43F0-8CCA-94CB8EA2294D}.Release|Any CPU.Build.0 = Release|Any CPU
		{3E9E82E7-0601-4F18-8776-530EF895426B}.Debug|Any CPU.ActiveCfg = Debug|Any CPU
		{3E9E82E7-0601-4F18-8776-530EF895426B}.Debug|Any CPU.Build.0 = Debug|Any CPU
		{3E9E82E7-0601-4F18-8776-530EF895426B}.Release|Any CPU.ActiveCfg = Release|Any CPU
		{3E9E82E7-0601-4F18-8776-530EF895426B}.Release|Any CPU.Build.0 = Release|Any CPU
		{F5176ECC-FB36-4DE4-B51B-358CF298D744}.Debug|Any CPU.ActiveCfg = Debug|Any CPU
		{F5176ECC-FB36-4DE4-B51B-358CF298D744}.Debug|Any CPU.Build.0 = Debug|Any CPU
		{F5176ECC-FB36-4DE4-B51B-358CF298D744}.Release|Any CPU.ActiveCfg = Release|Any CPU
		{F5176ECC-FB36-4DE4-B51B-358CF298D744}.Release|Any CPU.Build.0 = Release|Any CPU
	EndGlobalSection
	GlobalSection(SolutionProperties) = preSolution
		HideSolutionNode = FALSE
	EndGlobalSection
	GlobalSection(ExtensibilityGlobals) = postSolution
		SolutionGuid = {C269189C-2878-461F-B572-29527ECC416A}
	EndGlobalSection
EndGlobal
